
Microsoft Visual Studio Solution File, Format Version 12.00
# Visual Studio Version 16
VisualStudioVersion = 16.0.32126.315
MinimumVisualStudioVersion = 10.0.40219.1
Project("{FAE04EC0-301F-11D3-BF4B-00C04F79EFBC}") = "Entities", "Entities\Entities.csproj", "{7A9D58EE-EE61-4FBB-86B3-36B9A9B8384F}"
EndProject
Project("{FAE04EC0-301F-11D3-BF4B-00C04F79EFBC}") = "DataAccess", "DataAccess\DataAccess.csproj", "{4E30784C-FBEB-4422-9942-54B6F634FA7B}"
EndProject
Project("{FAE04EC0-301F-11D3-BF4B-00C04F79EFBC}") = "Business", "Business\Business.csproj", "{6A12869B-1559-48BC-933C-474BD6D0FC5D}"
EndProject
Project("{FAE04EC0-301F-11D3-BF4B-00C04F79EFBC}") = "Core", "Core\Core.csproj", "{FC43C07D-3A2C-49C8-A33C-4C703A471BA9}"
EndProject
Project("{FAE04EC0-301F-11D3-BF4B-00C04F79EFBC}") = "WebAPI", "WebAPI\WebAPI.csproj", "{F899B7A4-5940-42BC-974B-7CF01D78E7A3}"
EndProject
Global
	GlobalSection(SolutionConfigurationPlatforms) = preSolution
		Debug|Any CPU = Debug|Any CPU
		Release|Any CPU = Release|Any CPU
	EndGlobalSection
	GlobalSection(ProjectConfigurationPlatforms) = postSolution
		{7A9D58EE-EE61-4FBB-86B3-36B9A9B8384F}.Debug|Any CPU.ActiveCfg = Debug|Any CPU
		{7A9D58EE-EE61-4FBB-86B3-36B9A9B8384F}.Debug|Any CPU.Build.0 = Debug|Any CPU
		{7A9D58EE-EE61-4FBB-86B3-36B9A9B8384F}.Release|Any CPU.ActiveCfg = Release|Any CPU
		{7A9D58EE-EE61-4FBB-86B3-36B9A9B8384F}.Release|Any CPU.Build.0 = Release|Any CPU
		{4E30784C-FBEB-4422-9942-54B6F634FA7B}.Debug|Any CPU.ActiveCfg = Debug|Any CPU
		{4E30784C-FBEB-4422-9942-54B6F634FA7B}.Debug|Any CPU.Build.0 = Debug|Any CPU
		{4E30784C-FBEB-4422-9942-54B6F634FA7B}.Release|Any CPU.ActiveCfg = Release|Any CPU
		{4E30784C-FBEB-4422-9942-54B6F634FA7B}.Release|Any CPU.Build.0 = Release|Any CPU
		{6A12869B-1559-48BC-933C-474BD6D0FC5D}.Debug|Any CPU.ActiveCfg = Debug|Any CPU
		{6A12869B-1559-48BC-933C-474BD6D0FC5D}.Debug|Any CPU.Build.0 = Debug|Any CPU
		{6A12869B-1559-48BC-933C-474BD6D0FC5D}.Release|Any CPU.ActiveCfg = Release|Any CPU
		{6A12869B-1559-48BC-933C-474BD6D0FC5D}.Release|Any CPU.Build.0 = Release|Any CPU
		{FC43C07D-3A2C-49C8-A33C-4C703A471BA9}.Debug|Any CPU.ActiveCfg = Debug|Any CPU
		{FC43C07D-3A2C-49C8-A33C-4C703A471BA9}.Debug|Any CPU.Build.0 = Debug|Any CPU
		{FC43C07D-3A2C-49C8-A33C-4C703A471BA9}.Release|Any CPU.ActiveCfg = Release|Any CPU
		{FC43C07D-3A2C-49C8-A33C-4C703A471BA9}.Release|Any CPU.Build.0 = Release|Any CPU
		{F899B7A4-5940-42BC-974B-7CF01D78E7A3}.Debug|Any CPU.ActiveCfg = Debug|Any CPU
		{F899B7A4-5940-42BC-974B-7CF01D78E7A3}.Debug|Any CPU.Build.0 = Debug|Any CPU
		{F899B7A4-5940-42BC-974B-7CF01D78E7A3}.Release|Any CPU.ActiveCfg = Release|Any CPU
		{F899B7A4-5940-42BC-974B-7CF01D78E7A3}.Release|Any CPU.Build.0 = Release|Any CPU
	EndGlobalSection
	GlobalSection(SolutionProperties) = preSolution
		HideSolutionNode = FALSE
	EndGlobalSection
	GlobalSection(ExtensibilityGlobals) = postSolution
		SolutionGuid = {2D827B88-37E1-48CB-BAF2-66FDB9385E06}
	EndGlobalSection
EndGlobal
